
Microsoft Visual Studio Solution File, Format Version 12.00
# Visual Studio Version 17
VisualStudioVersion = 17.5.002.0
MinimumVisualStudioVersion = 10.0.40219.1
Project("{2150E333-8FDC-42A3-9474-1A3956D46DE8}") = "csharp-prep", "csharp-prep", "{7187BAC7-649F-4238-AA18-ADCF6DABF5BC}"
EndProject
Project("{9A19103F-16F7-4668-BE54-9A1E7A4F7556}") = "Prep1", "csharp-prep\Prep1\Prep1.csproj", "{F0EE6BC6-9EBD-4FEB-A571-18EA91CB10D0}"
EndProject
Project("{9A19103F-16F7-4668-BE54-9A1E7A4F7556}") = "Prep2", "csharp-prep\Prep2\Prep2.csproj", "{14CAB8CD-7E61-467F-87EE-E0F366DD0BC8}"
EndProject
Project("{9A19103F-16F7-4668-BE54-9A1E7A4F7556}") = "Prep3", "csharp-prep\Prep3\Prep3.csproj", "{D59AD1CA-E990-46F8-ACE9-808B199709C9}"
EndProject
Project("{9A19103F-16F7-4668-BE54-9A1E7A4F7556}") = "Prep4", "csharp-prep\Prep4\Prep4.csproj", "{3D33E5C0-1911-4DFA-8921-2E9D8D77EE10}"
EndProject
Project("{9A19103F-16F7-4668-BE54-9A1E7A4F7556}") = "Prep5", "csharp-prep\Prep5\Prep5.csproj", "{3502E43A-7B5D-406B-826F-12180337FEEF}"
EndProject
Project("{2150E333-8FDC-42A3-9474-1A3956D46DE8}") = "final", "final", "{B3A54F06-BA9E-4EE2-BF00-23A0067A0713}"
EndProject
Project("{9A19103F-16F7-4668-BE54-9A1E7A4F7556}") = "FinalProject", "final\FinalProject\FinalProject.csproj", "{26A95DC4-FAE4-4D65-AC07-9B347CF1819D}"
EndProject
Project("{9A19103F-16F7-4668-BE54-9A1E7A4F7556}") = "Foundation1", "final\Foundation1\Foundation1.csproj", "{079304A7-693A-4456-B07A-8762BF55337B}"
EndProject
Project("{9A19103F-16F7-4668-BE54-9A1E7A4F7556}") = "Foundation2", "final\Foundation2\Foundation2.csproj", "{91237F36-E4ED-4C41-9C66-90095BEB2F2B}"
EndProject
Project("{9A19103F-16F7-4668-BE54-9A1E7A4F7556}") = "Foundation3", "final\Foundation3\Foundation3.csproj", "{54D570F4-1C34-4871-B881-6793D97E3B0B}"
EndProject
Project("{9A19103F-16F7-4668-BE54-9A1E7A4F7556}") = "Foundation4", "final\Foundation4\Foundation4.csproj", "{36978551-EA97-485B-95A9-8F216CB252DC}"
EndProject
Project("{2150E333-8FDC-42A3-9474-1A3956D46DE8}") = "prepare", "prepare", "{F9BD3051-05A8-49E0-A27C-D6E75AFF5720}"
EndProject
Project("{9A19103F-16F7-4668-BE54-9A1E7A4F7556}") = "Learning02", "prepare\Learning02\Learning02.csproj", "{48FD0AB0-F776-48EE-9F31-0D710B718489}"
EndProject
Project("{9A19103F-16F7-4668-BE54-9A1E7A4F7556}") = "Learning03", "prepare\Learning03\Learning03.csproj", "{52F9287D-5055-43BE-AE91-2E18D95A86CA}"
EndProject
Project("{9A19103F-16F7-4668-BE54-9A1E7A4F7556}") = "Learning04", "prepare\Learning04\Learning04.csproj", "{4F69F8AE-6B1E-44DB-B86E-21A959B5E0D2}"
EndProject
Project("{9A19103F-16F7-4668-BE54-9A1E7A4F7556}") = "Learning05", "prepare\Learning05\Learning05.csproj", "{4C9224EE-6E17-4E47-92FE-59BD347DAFFB}"
EndProject
Project("{2150E333-8FDC-42A3-9474-1A3956D46DE8}") = "prove", "prove", "{70C3E0A0-1D37-4729-97D1-93B96633987C}"
EndProject
Project("{9A19103F-16F7-4668-BE54-9A1E7A4F7556}") = "Develop02", "prove\Develop02\Develop02.csproj", "{6D42C9B6-C875-48C1-BEB6-0E939ED5D437}"
EndProject
Project("{9A19103F-16F7-4668-BE54-9A1E7A4F7556}") = "Develop03", "prove\Develop03\Develop03.csproj", "{9C71B503-5144-4A21-AC5E-320BDE328E8A}"
EndProject
Project("{9A19103F-16F7-4668-BE54-9A1E7A4F7556}") = "Develop04", "prove\Develop04\Develop04.csproj", "{E5CF3895-5BE3-4F23-9441-BDFE3FDFF1B5}"
EndProject
Project("{9A19103F-16F7-4668-BE54-9A1E7A4F7556}") = "Develop05", "prove\Develop05\Develop05.csproj", "{0FCDD013-6B14-4E6D-817B-2111F06206D5}"
EndProject
Project("{2150E333-8FDC-42A3-9474-1A3956D46DE8}") = "sandbox", "sandbox", "{8356BDF9-7380-4532-9A25-0833782A6FE8}"
EndProject
Project("{9A19103F-16F7-4668-BE54-9A1E7A4F7556}") = "Sandbox", "sandbox\Sandbox\Sandbox.csproj", "{6C498B29-77E5-4D3C-A390-1FA0C9C0B373}"
EndProject
Global
	GlobalSection(SolutionConfigurationPlatforms) = preSolution
		Debug|Any CPU = Debug|Any CPU
		Release|Any CPU = Release|Any CPU
	EndGlobalSection
	GlobalSection(ProjectConfigurationPlatforms) = postSolution
		{F0EE6BC6-9EBD-4FEB-A571-18EA91CB10D0}.Debug|Any CPU.ActiveCfg = Debug|Any CPU
		{F0EE6BC6-9EBD-4FEB-A571-18EA91CB10D0}.Debug|Any CPU.Build.0 = Debug|Any CPU
		{F0EE6BC6-9EBD-4FEB-A571-18EA91CB10D0}.Release|Any CPU.ActiveCfg = Release|Any CPU
		{F0EE6BC6-9EBD-4FEB-A571-18EA91CB10D0}.Release|Any CPU.Build.0 = Release|Any CPU
		{14CAB8CD-7E61-467F-87EE-E0F366DD0BC8}.Debug|Any CPU.ActiveCfg = Debug|Any CPU
		{14CAB8CD-7E61-467F-87EE-E0F366DD0BC8}.Debug|Any CPU.Build.0 = Debug|Any CPU
		{14CAB8CD-7E61-467F-87EE-E0F366DD0BC8}.Release|Any CPU.ActiveCfg = Release|Any CPU
		{14CAB8CD-7E61-467F-87EE-E0F366DD0BC8}.Release|Any CPU.Build.0 = Release|Any CPU
		{D59AD1CA-E990-46F8-ACE9-808B199709C9}.Debug|Any CPU.ActiveCfg = Debug|Any CPU
		{D59AD1CA-E990-46F8-ACE9-808B199709C9}.Debug|Any CPU.Build.0 = Debug|Any CPU
		{D59AD1CA-E990-46F8-ACE9-808B199709C9}.Release|Any CPU.ActiveCfg = Release|Any CPU
		{D59AD1CA-E990-46F8-ACE9-808B199709C9}.Release|Any CPU.Build.0 = Release|Any CPU
		{3D33E5C0-1911-4DFA-8921-2E9D8D77EE10}.Debug|Any CPU.ActiveCfg = Debug|Any CPU
		{3D33E5C0-1911-4DFA-8921-2E9D8D77EE10}.Debug|Any CPU.Build.0 = Debug|Any CPU
		{3D33E5C0-1911-4DFA-8921-2E9D8D77EE10}.Release|Any CPU.ActiveCfg = Release|Any CPU
		{3D33E5C0-1911-4DFA-8921-2E9D8D77EE10}.Release|Any CPU.Build.0 = Release|Any CPU
		{3502E43A-7B5D-406B-826F-12180337FEEF}.Debug|Any CPU.ActiveCfg = Debug|Any CPU
		{3502E43A-7B5D-406B-826F-12180337FEEF}.Debug|Any CPU.Build.0 = Debug|Any CPU
		{3502E43A-7B5D-406B-826F-12180337FEEF}.Release|Any CPU.ActiveCfg = Release|Any CPU
		{3502E43A-7B5D-406B-826F-12180337FEEF}.Release|Any CPU.Build.0 = Release|Any CPU
		{26A95DC4-FAE4-4D65-AC07-9B347CF1819D}.Debug|Any CPU.ActiveCfg = Debug|Any CPU
		{26A95DC4-FAE4-4D65-AC07-9B347CF1819D}.Debug|Any CPU.Build.0 = Debug|Any CPU
		{26A95DC4-FAE4-4D65-AC07-9B347CF1819D}.Release|Any CPU.ActiveCfg = Release|Any CPU
		{26A95DC4-FAE4-4D65-AC07-9B347CF1819D}.Release|Any CPU.Build.0 = Release|Any CPU
		{079304A7-693A-4456-B07A-8762BF55337B}.Debug|Any CPU.ActiveCfg = Debug|Any CPU
		{079304A7-693A-4456-B07A-8762BF55337B}.Debug|Any CPU.Build.0 = Debug|Any CPU
		{079304A7-693A-4456-B07A-8762BF55337B}.Release|Any CPU.ActiveCfg = Release|Any CPU
		{079304A7-693A-4456-B07A-8762BF55337B}.Release|Any CPU.Build.0 = Release|Any CPU
		{91237F36-E4ED-4C41-9C66-90095BEB2F2B}.Debug|Any CPU.ActiveCfg = Debug|Any CPU
		{91237F36-E4ED-4C41-9C66-90095BEB2F2B}.Debug|Any CPU.Build.0 = Debug|Any CPU
		{91237F36-E4ED-4C41-9C66-90095BEB2F2B}.Release|Any CPU.ActiveCfg = Release|Any CPU
		{91237F36-E4ED-4C41-9C66-90095BEB2F2B}.Release|Any CPU.Build.0 = Release|Any CPU
		{54D570F4-1C34-4871-B881-6793D97E3B0B}.Debug|Any CPU.ActiveCfg = Debug|Any CPU
		{54D570F4-1C34-4871-B881-6793D97E3B0B}.Debug|Any CPU.Build.0 = Debug|Any CPU
		{54D570F4-1C34-4871-B881-6793D97E3B0B}.Release|Any CPU.ActiveCfg = Release|Any CPU
		{54D570F4-1C34-4871-B881-6793D97E3B0B}.Release|Any CPU.Build.0 = Release|Any CPU
		{36978551-EA97-485B-95A9-8F216CB252DC}.Debug|Any CPU.ActiveCfg = Debug|Any CPU
		{36978551-EA97-485B-95A9-8F216CB252DC}.Debug|Any CPU.Build.0 = Debug|Any CPU
		{36978551-EA97-485B-95A9-8F216CB252DC}.Release|Any CPU.ActiveCfg = Release|Any CPU
		{36978551-EA97-485B-95A9-8F216CB252DC}.Release|Any CPU.Build.0 = Release|Any CPU
		{48FD0AB0-F776-48EE-9F31-0D710B718489}.Debug|Any CPU.ActiveCfg = Debug|Any CPU
		{48FD0AB0-F776-48EE-9F31-0D710B718489}.Debug|Any CPU.Build.0 = Debug|Any CPU
		{48FD0AB0-F776-48EE-9F31-0D710B718489}.Release|Any CPU.ActiveCfg = Release|Any CPU
		{48FD0AB0-F776-48EE-9F31-0D710B718489}.Release|Any CPU.Build.0 = Release|Any CPU
		{52F9287D-5055-43BE-AE91-2E18D95A86CA}.Debug|Any CPU.ActiveCfg = Debug|Any CPU
		{52F9287D-5055-43BE-AE91-2E18D95A86CA}.Debug|Any CPU.Build.0 = Debug|Any CPU
		{52F9287D-5055-43BE-AE91-2E18D95A86CA}.Release|Any CPU.ActiveCfg = Release|Any CPU
		{52F9287D-5055-43BE-AE91-2E18D95A86CA}.Release|Any CPU.Build.0 = Release|Any CPU
		{4F69F8AE-6B1E-44DB-B86E-21A959B5E0D2}.Debug|Any CPU.ActiveCfg = Debug|Any CPU
		{4F69F8AE-6B1E-44DB-B86E-21A959B5E0D2}.Debug|Any CPU.Build.0 = Debug|Any CPU
		{4F69F8AE-6B1E-44DB-B86E-21A959B5E0D2}.Release|Any CPU.ActiveCfg = Release|Any CPU
		{4F69F8AE-6B1E-44DB-B86E-21A959B5E0D2}.Release|Any CPU.Build.0 = Release|Any CPU
		{4C9224EE-6E17-4E47-92FE-59BD347DAFFB}.Debug|Any CPU.ActiveCfg = Debug|Any CPU
		{4C9224EE-6E17-4E47-92FE-59BD347DAFFB}.Debug|Any CPU.Build.0 = Debug|Any CPU
		{4C9224EE-6E17-4E47-92FE-59BD347DAFFB}.Release|Any CPU.ActiveCfg = Release|Any CPU
		{4C9224EE-6E17-4E47-92FE-59BD347DAFFB}.Release|Any CPU.Build.0 = Release|Any CPU
		{6D42C9B6-C875-48C1-BEB6-0E939ED5D437}.Debug|Any CPU.ActiveCfg = Debug|Any CPU
		{6D42C9B6-C875-48C1-BEB6-0E939ED5D437}.Debug|Any CPU.Build.0 = Debug|Any CPU
		{6D42C9B6-C875-48C1-BEB6-0E939ED5D437}.Release|Any CPU.ActiveCfg = Release|Any CPU
		{6D42C9B6-C875-48C1-BEB6-0E939ED5D437}.Release|Any CPU.Build.0 = Release|Any CPU
		{9C71B503-5144-4A21-AC5E-320BDE328E8A}.Debug|Any CPU.ActiveCfg = Debug|Any CPU
		{9C71B503-5144-4A21-AC5E-320BDE328E8A}.Debug|Any CPU.Build.0 = Debug|Any CPU
		{9C71B503-5144-4A21-AC5E-320BDE328E8A}.Release|Any CPU.ActiveCfg = Release|Any CPU
		{9C71B503-5144-4A21-AC5E-320BDE328E8A}.Release|Any CPU.Build.0 = Release|Any CPU
		{E5CF3895-5BE3-4F23-9441-BDFE3FDFF1B5}.Debug|Any CPU.ActiveCfg = Debug|Any CPU
		{E5CF3895-5BE3-4F23-9441-BDFE3FDFF1B5}.Debug|Any CPU.Build.0 = Debug|Any CPU
		{E5CF3895-5BE3-4F23-9441-BDFE3FDFF1B5}.Release|Any CPU.ActiveCfg = Release|Any CPU
		{E5CF3895-5BE3-4F23-9441-BDFE3FDFF1B5}.Release|Any CPU.Build.0 = Release|Any CPU
		{0FCDD013-6B14-4E6D-817B-2111F06206D5}.Debug|Any CPU.ActiveCfg = Debug|Any CPU
		{0FCDD013-6B14-4E6D-817B-2111F06206D5}.Debug|Any CPU.Build.0 = Debug|Any CPU
		{0FCDD013-6B14-4E6D-817B-2111F06206D5}.Release|Any CPU.ActiveCfg = Release|Any CPU
		{0FCDD013-6B14-4E6D-817B-2111F06206D5}.Release|Any CPU.Build.0 = Release|Any CPU
		{6C498B29-77E5-4D3C-A390-1FA0C9C0B373}.Debug|Any CPU.ActiveCfg = Debug|Any CPU
		{6C498B29-77E5-4D3C-A390-1FA0C9C0B373}.Debug|Any CPU.Build.0 = Debug|Any CPU
		{6C498B29-77E5-4D3C-A390-1FA0C9C0B373}.Release|Any CPU.ActiveCfg = Release|Any CPU
		{6C498B29-77E5-4D3C-A390-1FA0C9C0B373}.Release|Any CPU.Build.0 = Release|Any CPU
	EndGlobalSection
	GlobalSection(SolutionProperties) = preSolution
		HideSolutionNode = FALSE
	EndGlobalSection
	GlobalSection(NestedProjects) = preSolution
		{F0EE6BC6-9EBD-4FEB-A571-18EA91CB10D0} = {7187BAC7-649F-4238-AA18-ADCF6DABF5BC}
		{14CAB8CD-7E61-467F-87EE-E0F366DD0BC8} = {7187BAC7-649F-4238-AA18-ADCF6DABF5BC}
		{D59AD1CA-E990-46F8-ACE9-808B199709C9} = {7187BAC7-649F-4238-AA18-ADCF6DABF5BC}
		{3D33E5C0-1911-4DFA-8921-2E9D8D77EE10} = {7187BAC7-649F-4238-AA18-ADCF6DABF5BC}
		{3502E43A-7B5D-406B-826F-12180337FEEF} = {7187BAC7-649F-4238-AA18-ADCF6DABF5BC}
		{26A95DC4-FAE4-4D65-AC07-9B347CF1819D} = {B3A54F06-BA9E-4EE2-BF00-23A0067A0713}
		{079304A7-693A-4456-B07A-8762BF55337B} = {B3A54F06-BA9E-4EE2-BF00-23A0067A0713}
		{91237F36-E4ED-4C41-9C66-90095BEB2F2B} = {B3A54F06-BA9E-4EE2-BF00-23A0067A0713}
		{54D570F4-1C34-4871-B881-6793D97E3B0B} = {B3A54F06-BA9E-4EE2-BF00-23A0067A0713}
		{36978551-EA97-485B-95A9-8F216CB252DC} = {B3A54F06-BA9E-4EE2-BF00-23A0067A0713}
		{48FD0AB0-F776-48EE-9F31-0D710B718489} = {F9BD3051-05A8-49E0-A27C-D6E75AFF5720}
		{52F9287D-5055-43BE-AE91-2E18D95A86CA} = {F9BD3051-05A8-49E0-A27C-D6E75AFF5720}
		{4F69F8AE-6B1E-44DB-B86E-21A959B5E0D2} = {F9BD3051-05A8-49E0-A27C-D6E75AFF5720}
		{4C9224EE-6E17-4E47-92FE-59BD347DAFFB} = {F9BD3051-05A8-49E0-A27C-D6E75AFF5720}
		{6D42C9B6-C875-48C1-BEB6-0E939ED5D437} = {70C3E0A0-1D37-4729-97D1-93B96633987C}
		{9C71B503-5144-4A21-AC5E-320BDE328E8A} = {70C3E0A0-1D37-4729-97D1-93B96633987C}
		{E5CF3895-5BE3-4F23-9441-BDFE3FDFF1B5} = {70C3E0A0-1D37-4729-97D1-93B96633987C}
		{0FCDD013-6B14-4E6D-817B-2111F06206D5} = {70C3E0A0-1D37-4729-97D1-93B96633987C}
		{6C498B29-77E5-4D3C-A390-1FA0C9C0B373} = {8356BDF9-7380-4532-9A25-0833782A6FE8}
	EndGlobalSection
	GlobalSection(ExtensibilityGlobals) = postSolution
		SolutionGuid = {5223EBD5-13EE-4C03-B49C-0145A194CDB9}
	EndGlobalSection
EndGlobal
